
Microsoft Visual Studio Solution File, Format Version 12.00
# Visual Studio 15
VisualStudioVersion = 15.0.27130.2027
MinimumVisualStudioVersion = 10.0.40219.1
Project("{FAE04EC0-301F-11D3-BF4B-00C04F79EFBC}") = "arpscan", "arpscan\arpscan.csproj", "{0ACBCA7C-C0A4-41D5-BC57-D775A139CBD3}"
EndProject
Global
	GlobalSection(SolutionConfigurationPlatforms) = preSolution
		Debug|Any CPU = Debug|Any CPU
		Release|Any CPU = Release|Any CPU
	EndGlobalSection
	GlobalSection(ProjectConfigurationPlatforms) = postSolution
		{0ACBCA7C-C0A4-41D5-BC57-D775A139CBD3}.Debug|Any CPU.ActiveCfg = Debug|Any CPU
		{0ACBCA7C-C0A4-41D5-BC57-D775A139CBD3}.Debug|Any CPU.Build.0 = Debug|Any CPU
		{0ACBCA7C-C0A4-41D5-BC57-D775A139CBD3}.Release|Any CPU.ActiveCfg = Release|Any CPU
		{0ACBCA7C-C0A4-41D5-BC57-D775A139CBD3}.Release|Any CPU.Build.0 = Release|Any CPU
	EndGlobalSection
	GlobalSection(SolutionProperties) = preSolution
		HideSolutionNode = FALSE
	EndGlobalSection
	GlobalSection(ExtensibilityGlobals) = postSolution
		SolutionGuid = {447E4288-04F7-42D4-96EF-3F20E74FF284}
	EndGlobalSection
EndGlobal
